// !$*UTF8*$!
{
	archiveVersion = 1;
	classes = {
	};
	objectVersion = 50;
	objects = {

/* Begin PBXBuildFile section */
		276868AD22FBBE8F0032F464 /* PhotoDataSource.swift in Sources */ = {isa = PBXBuildFile; fileRef = 276868AC22FBBE8F0032F464 /* PhotoDataSource.swift */; };
		276868B022FBC2530032F464 /* PhotoCollectionViewCell.swift in Sources */ = {isa = PBXBuildFile; fileRef = 276868AF22FBC2530032F464 /* PhotoCollectionViewCell.swift */; };
		276868B422FBC9B00032F464 /* ImageStore.swift in Sources */ = {isa = PBXBuildFile; fileRef = 276868B322FBC9B00032F464 /* ImageStore.swift */; };
		276868B622FBCAAC0032F464 /* PhotoInfoViewController.swift in Sources */ = {isa = PBXBuildFile; fileRef = 276868B522FBCAAC0032F464 /* PhotoInfoViewController.swift */; };
		2786D0CB22F9422800EED713 /* AppDelegate.swift in Sources */ = {isa = PBXBuildFile; fileRef = 2786D0CA22F9422800EED713 /* AppDelegate.swift */; };
		2786D0D022F9422800EED713 /* Main.storyboard in Resources */ = {isa = PBXBuildFile; fileRef = 2786D0CE22F9422800EED713 /* Main.storyboard */; };
		2786D0D222F9422900EED713 /* Assets.xcassets in Resources */ = {isa = PBXBuildFile; fileRef = 2786D0D122F9422900EED713 /* Assets.xcassets */; };
		2786D0D522F9422900EED713 /* LaunchScreen.storyboard in Resources */ = {isa = PBXBuildFile; fileRef = 2786D0D322F9422900EED713 /* LaunchScreen.storyboard */; };
		2786D0E022F9422900EED713 /* PhotoramaTests.swift in Sources */ = {isa = PBXBuildFile; fileRef = 2786D0DF22F9422900EED713 /* PhotoramaTests.swift */; };
		2786D0EB22F9422900EED713 /* PhotoramaUITests.swift in Sources */ = {isa = PBXBuildFile; fileRef = 2786D0EA22F9422900EED713 /* PhotoramaUITests.swift */; };
		27B0EDC522FA5C220080784A /* FlickrPhoto.swift in Sources */ = {isa = PBXBuildFile; fileRef = 27B0EDC422FA5C220080784A /* FlickrPhoto.swift */; };
		27DCA15E22FA0D4200A4B7E6 /* PhotosViewController.swift in Sources */ = {isa = PBXBuildFile; fileRef = 27DCA15D22FA0D4200A4B7E6 /* PhotosViewController.swift */; };
		27DCA16122FA135D00A4B7E6 /* FlickrApi.swift in Sources */ = {isa = PBXBuildFile; fileRef = 27DCA16022FA135D00A4B7E6 /* FlickrApi.swift */; };
		27DCA16522FA179000A4B7E6 /* PhotoStore.swift in Sources */ = {isa = PBXBuildFile; fileRef = 27DCA16422FA179000A4B7E6 /* PhotoStore.swift */; };
		27DD355D22FF1FA000069B1B /* Photorama.xcdatamodeld in Sources */ = {isa = PBXBuildFile; fileRef = 27DD355B22FF1FA000069B1B /* Photorama.xcdatamodeld */; };
		27DD356022FF26D700069B1B /* Photo+CoreDataClass.swift in Sources */ = {isa = PBXBuildFile; fileRef = 27DD355E22FF26D700069B1B /* Photo+CoreDataClass.swift */; };
		27DD356522FF373400069B1B /* Photo+CoreDataProperties.swift in Sources */ = {isa = PBXBuildFile; fileRef = 27DD356322FF373400069B1B /* Photo+CoreDataProperties.swift */; };
/* End PBXBuildFile section */

/* Begin PBXContainerItemProxy section */
		2786D0DC22F9422900EED713 /* PBXContainerItemProxy */ = {
			isa = PBXContainerItemProxy;
			containerPortal = 2786D0BF22F9422700EED713 /* Project object */;
			proxyType = 1;
			remoteGlobalIDString = 2786D0C622F9422800EED713;
			remoteInfo = Photorama;
		};
		2786D0E722F9422900EED713 /* PBXContainerItemProxy */ = {
			isa = PBXContainerItemProxy;
			containerPortal = 2786D0BF22F9422700EED713 /* Project object */;
			proxyType = 1;
			remoteGlobalIDString = 2786D0C622F9422800EED713;
			remoteInfo = Photorama;
		};
/* End PBXContainerItemProxy section */

/* Begin PBXFileReference section */
		276868AC22FBBE8F0032F464 /* PhotoDataSource.swift */ = {isa = PBXFileReference; lastKnownFileType = sourcecode.swift; path = PhotoDataSource.swift; sourceTree = "<group>"; };
		276868AF22FBC2530032F464 /* PhotoCollectionViewCell.swift */ = {isa = PBXFileReference; lastKnownFileType = sourcecode.swift; path = PhotoCollectionViewCell.swift; sourceTree = "<group>"; };
		276868B322FBC9B00032F464 /* ImageStore.swift */ = {isa = PBXFileReference; fileEncoding = 4; lastKnownFileType = sourcecode.swift; path = ImageStore.swift; sourceTree = "<group>"; };
		276868B522FBCAAC0032F464 /* PhotoInfoViewController.swift */ = {isa = PBXFileReference; lastKnownFileType = sourcecode.swift; path = PhotoInfoViewController.swift; sourceTree = "<group>"; };
		2786D0C722F9422800EED713 /* Photorama.app */ = {isa = PBXFileReference; explicitFileType = wrapper.application; includeInIndex = 0; path = Photorama.app; sourceTree = BUILT_PRODUCTS_DIR; };
		2786D0CA22F9422800EED713 /* AppDelegate.swift */ = {isa = PBXFileReference; lastKnownFileType = sourcecode.swift; path = AppDelegate.swift; sourceTree = "<group>"; };
		2786D0CF22F9422800EED713 /* Base */ = {isa = PBXFileReference; lastKnownFileType = file.storyboard; name = Base; path = Base.lproj/Main.storyboard; sourceTree = "<group>"; };
		2786D0D122F9422900EED713 /* Assets.xcassets */ = {isa = PBXFileReference; lastKnownFileType = folder.assetcatalog; path = Assets.xcassets; sourceTree = "<group>"; };
		2786D0D422F9422900EED713 /* Base */ = {isa = PBXFileReference; lastKnownFileType = file.storyboard; name = Base; path = Base.lproj/LaunchScreen.storyboard; sourceTree = "<group>"; };
		2786D0D622F9422900EED713 /* Info.plist */ = {isa = PBXFileReference; lastKnownFileType = text.plist.xml; path = Info.plist; sourceTree = "<group>"; };
		2786D0DB22F9422900EED713 /* PhotoramaTests.xctest */ = {isa = PBXFileReference; explicitFileType = wrapper.cfbundle; includeInIndex = 0; path = PhotoramaTests.xctest; sourceTree = BUILT_PRODUCTS_DIR; };
		2786D0DF22F9422900EED713 /* PhotoramaTests.swift */ = {isa = PBXFileReference; lastKnownFileType = sourcecode.swift; path = PhotoramaTests.swift; sourceTree = "<group>"; };
		2786D0E122F9422900EED713 /* Info.plist */ = {isa = PBXFileReference; lastKnownFileType = text.plist.xml; path = Info.plist; sourceTree = "<group>"; };
		2786D0E622F9422900EED713 /* PhotoramaUITests.xctest */ = {isa = PBXFileReference; explicitFileType = wrapper.cfbundle; includeInIndex = 0; path = PhotoramaUITests.xctest; sourceTree = BUILT_PRODUCTS_DIR; };
		2786D0EA22F9422900EED713 /* PhotoramaUITests.swift */ = {isa = PBXFileReference; lastKnownFileType = sourcecode.swift; path = PhotoramaUITests.swift; sourceTree = "<group>"; };
		2786D0EC22F9422900EED713 /* Info.plist */ = {isa = PBXFileReference; lastKnownFileType = text.plist.xml; path = Info.plist; sourceTree = "<group>"; };
		27B0EDC422FA5C220080784A /* FlickrPhoto.swift */ = {isa = PBXFileReference; lastKnownFileType = sourcecode.swift; path = FlickrPhoto.swift; sourceTree = "<group>"; };
		27DCA15D22FA0D4200A4B7E6 /* PhotosViewController.swift */ = {isa = PBXFileReference; lastKnownFileType = sourcecode.swift; path = PhotosViewController.swift; sourceTree = "<group>"; };
		27DCA16022FA135D00A4B7E6 /* FlickrApi.swift */ = {isa = PBXFileReference; lastKnownFileType = sourcecode.swift; path = FlickrApi.swift; sourceTree = "<group>"; };
		27DCA16422FA179000A4B7E6 /* PhotoStore.swift */ = {isa = PBXFileReference; lastKnownFileType = sourcecode.swift; path = PhotoStore.swift; sourceTree = "<group>"; };
		27DD355C22FF1FA000069B1B /* Photorama.xcdatamodel */ = {isa = PBXFileReference; lastKnownFileType = wrapper.xcdatamodel; path = Photorama.xcdatamodel; sourceTree = "<group>"; };
		27DD355E22FF26D700069B1B /* Photo+CoreDataClass.swift */ = {isa = PBXFileReference; lastKnownFileType = sourcecode.swift; path = "Photo+CoreDataClass.swift"; sourceTree = "<group>"; };
		27DD356322FF373400069B1B /* Photo+CoreDataProperties.swift */ = {isa = PBXFileReference; lastKnownFileType = sourcecode.swift; path = "Photo+CoreDataProperties.swift"; sourceTree = "<group>"; };
/* End PBXFileReference section */

/* Begin PBXFrameworksBuildPhase section */
		2786D0C422F9422800EED713 /* Frameworks */ = {
			isa = PBXFrameworksBuildPhase;
			buildActionMask = 2147483647;
			files = (
			);
			runOnlyForDeploymentPostprocessing = 0;
		};
		2786D0D822F9422900EED713 /* Frameworks */ = {
			isa = PBXFrameworksBuildPhase;
			buildActionMask = 2147483647;
			files = (
			);
			runOnlyForDeploymentPostprocessing = 0;
		};
		2786D0E322F9422900EED713 /* Frameworks */ = {
			isa = PBXFrameworksBuildPhase;
			buildActionMask = 2147483647;
			files = (
			);
			runOnlyForDeploymentPostprocessing = 0;
		};
/* End PBXFrameworksBuildPhase section */

/* Begin PBXGroup section */
		276868AB22FBBE700032F464 /* DataSources */ = {
			isa = PBXGroup;
			children = (
				276868AC22FBBE8F0032F464 /* PhotoDataSource.swift */,
			);
			path = DataSources;
			sourceTree = "<group>";
		};
		276868AE22FBC2290032F464 /* CollectionViewCells */ = {
			isa = PBXGroup;
			children = (
				276868AF22FBC2530032F464 /* PhotoCollectionViewCell.swift */,
			);
			path = CollectionViewCells;
			sourceTree = "<group>";
		};
		2786D0BE22F9422700EED713 = {
			isa = PBXGroup;
			children = (
				2786D0C922F9422800EED713 /* Photorama */,
				2786D0DE22F9422900EED713 /* PhotoramaTests */,
				2786D0E922F9422900EED713 /* PhotoramaUITests */,
				2786D0C822F9422800EED713 /* Products */,
			);
			sourceTree = "<group>";
		};
		2786D0C822F9422800EED713 /* Products */ = {
			isa = PBXGroup;
			children = (
				2786D0C722F9422800EED713 /* Photorama.app */,
				2786D0DB22F9422900EED713 /* PhotoramaTests.xctest */,
				2786D0E622F9422900EED713 /* PhotoramaUITests.xctest */,
			);
			name = Products;
			sourceTree = "<group>";
		};
		2786D0C922F9422800EED713 /* Photorama */ = {
			isa = PBXGroup;
			children = (
				2786D0CA22F9422800EED713 /* AppDelegate.swift */,
				27DCA16222FA177000A4B7E6 /* Apis */,
				276868AE22FBC2290032F464 /* CollectionViewCells */,
				276868AB22FBBE700032F464 /* DataSources */,
				27B0EDC122FA1ABA0080784A /* Entities */,
				27DCA16322FA177A00A4B7E6 /* Stores */,
				27DCA15F22FA0D5100A4B7E6 /* ViewControllers */,
				2786D0CE22F9422800EED713 /* Main.storyboard */,
				2786D0D122F9422900EED713 /* Assets.xcassets */,
				2786D0D322F9422900EED713 /* LaunchScreen.storyboard */,
				2786D0D622F9422900EED713 /* Info.plist */,
				27DD355B22FF1FA000069B1B /* Photorama.xcdatamodeld */,
			);
			path = Photorama;
			sourceTree = "<group>";
		};
		2786D0DE22F9422900EED713 /* PhotoramaTests */ = {
			isa = PBXGroup;
			children = (
				2786D0DF22F9422900EED713 /* PhotoramaTests.swift */,
				2786D0E122F9422900EED713 /* Info.plist */,
			);
			path = PhotoramaTests;
			sourceTree = "<group>";
		};
		2786D0E922F9422900EED713 /* PhotoramaUITests */ = {
			isa = PBXGroup;
			children = (
				2786D0EA22F9422900EED713 /* PhotoramaUITests.swift */,
				2786D0EC22F9422900EED713 /* Info.plist */,
			);
			path = PhotoramaUITests;
			sourceTree = "<group>";
		};
		27B0EDC122FA1ABA0080784A /* Entities */ = {
			isa = PBXGroup;
			children = (
				27DD355E22FF26D700069B1B /* Photo+CoreDataClass.swift */,
				27DD356322FF373400069B1B /* Photo+CoreDataProperties.swift */,
			);
			path = Entities;
			sourceTree = "<group>";
		};
		27DCA15F22FA0D5100A4B7E6 /* ViewControllers */ = {
			isa = PBXGroup;
			children = (
				276868B522FBCAAC0032F464 /* PhotoInfoViewController.swift */,
				27DCA15D22FA0D4200A4B7E6 /* PhotosViewController.swift */,
			);
			path = ViewControllers;
			sourceTree = "<group>";
		};
		27DCA16222FA177000A4B7E6 /* Apis */ = {
			isa = PBXGroup;
			children = (
				27DCA16022FA135D00A4B7E6 /* FlickrApi.swift */,
				27B0EDC422FA5C220080784A /* FlickrPhoto.swift */,
			);
			path = Apis;
			sourceTree = "<group>";
		};
		27DCA16322FA177A00A4B7E6 /* Stores */ = {
			isa = PBXGroup;
			children = (
				276868B322FBC9B00032F464 /* ImageStore.swift */,
				27DCA16422FA179000A4B7E6 /* PhotoStore.swift */,
			);
			path = Stores;
			sourceTree = "<group>";
		};
/* End PBXGroup section */

/* Begin PBXNativeTarget section */
		2786D0C622F9422800EED713 /* Photorama */ = {
			isa = PBXNativeTarget;
			buildConfigurationList = 2786D0EF22F9422900EED713 /* Build configuration list for PBXNativeTarget "Photorama" */;
			buildPhases = (
				2786D0C322F9422800EED713 /* Sources */,
				2786D0C422F9422800EED713 /* Frameworks */,
				2786D0C522F9422800EED713 /* Resources */,
			);
			buildRules = (
			);
			dependencies = (
			);
			name = Photorama;
			productName = Photorama;
			productReference = 2786D0C722F9422800EED713 /* Photorama.app */;
			productType = "com.apple.product-type.application";
		};
		2786D0DA22F9422900EED713 /* PhotoramaTests */ = {
			isa = PBXNativeTarget;
			buildConfigurationList = 2786D0F222F9422900EED713 /* Build configuration list for PBXNativeTarget "PhotoramaTests" */;
			buildPhases = (
				2786D0D722F9422900EED713 /* Sources */,
				2786D0D822F9422900EED713 /* Frameworks */,
				2786D0D922F9422900EED713 /* Resources */,
			);
			buildRules = (
			);
			dependencies = (
				2786D0DD22F9422900EED713 /* PBXTargetDependency */,
			);
			name = PhotoramaTests;
			productName = PhotoramaTests;
			productReference = 2786D0DB22F9422900EED713 /* PhotoramaTests.xctest */;
			productType = "com.apple.product-type.bundle.unit-test";
		};
		2786D0E522F9422900EED713 /* PhotoramaUITests */ = {
			isa = PBXNativeTarget;
			buildConfigurationList = 2786D0F522F9422900EED713 /* Build configuration list for PBXNativeTarget "PhotoramaUITests" */;
			buildPhases = (
				2786D0E222F9422900EED713 /* Sources */,
				2786D0E322F9422900EED713 /* Frameworks */,
				2786D0E422F9422900EED713 /* Resources */,
			);
			buildRules = (
			);
			dependencies = (
				2786D0E822F9422900EED713 /* PBXTargetDependency */,
			);
			name = PhotoramaUITests;
			productName = PhotoramaUITests;
			productReference = 2786D0E622F9422900EED713 /* PhotoramaUITests.xctest */;
			productType = "com.apple.product-type.bundle.ui-testing";
		};
/* End PBXNativeTarget section */

/* Begin PBXProject section */
		2786D0BF22F9422700EED713 /* Project object */ = {
			isa = PBXProject;
			attributes = {
				LastSwiftUpdateCheck = 1030;
				LastUpgradeCheck = 1030;
				ORGANIZATIONNAME = "Tim Miller";
				TargetAttributes = {
					2786D0C622F9422800EED713 = {
						CreatedOnToolsVersion = 10.3;
					};
					2786D0DA22F9422900EED713 = {
						CreatedOnToolsVersion = 10.3;
						TestTargetID = 2786D0C622F9422800EED713;
					};
					2786D0E522F9422900EED713 = {
						CreatedOnToolsVersion = 10.3;
						TestTargetID = 2786D0C622F9422800EED713;
					};
				};
			};
			buildConfigurationList = 2786D0C222F9422700EED713 /* Build configuration list for PBXProject "Photorama" */;
			compatibilityVersion = "Xcode 9.3";
			developmentRegion = en;
			hasScannedForEncodings = 0;
			knownRegions = (
				en,
				Base,
			);
			mainGroup = 2786D0BE22F9422700EED713;
			productRefGroup = 2786D0C822F9422800EED713 /* Products */;
			projectDirPath = "";
			projectRoot = "";
			targets = (
				2786D0C622F9422800EED713 /* Photorama */,
				2786D0DA22F9422900EED713 /* PhotoramaTests */,
				2786D0E522F9422900EED713 /* PhotoramaUITests */,
			);
		};
/* End PBXProject section */

/* Begin PBXResourcesBuildPhase section */
		2786D0C522F9422800EED713 /* Resources */ = {
			isa = PBXResourcesBuildPhase;
			buildActionMask = 2147483647;
			files = (
				2786D0D522F9422900EED713 /* LaunchScreen.storyboard in Resources */,
				2786D0D222F9422900EED713 /* Assets.xcassets in Resources */,
				2786D0D022F9422800EED713 /* Main.storyboard in Resources */,
			);
			runOnlyForDeploymentPostprocessing = 0;
		};
		2786D0D922F9422900EED713 /* Resources */ = {
			isa = PBXResourcesBuildPhase;
			buildActionMask = 2147483647;
			files = (
			);
			runOnlyForDeploymentPostprocessing = 0;
		};
		2786D0E422F9422900EED713 /* Resources */ = {
			isa = PBXResourcesBuildPhase;
			buildActionMask = 2147483647;
			files = (
			);
			runOnlyForDeploymentPostprocessing = 0;
		};
/* End PBXResourcesBuildPhase section */

/* Begin PBXSourcesBuildPhase section */
		2786D0C322F9422800EED713 /* Sources */ = {
			isa = PBXSourcesBuildPhase;
			buildActionMask = 2147483647;
			files = (
				27DCA15E22FA0D4200A4B7E6 /* PhotosViewController.swift in Sources */,
				27DD356522FF373400069B1B /* Photo+CoreDataProperties.swift in Sources */,
				27DD356022FF26D700069B1B /* Photo+CoreDataClass.swift in Sources */,
				276868B622FBCAAC0032F464 /* PhotoInfoViewController.swift in Sources */,
				276868B022FBC2530032F464 /* PhotoCollectionViewCell.swift in Sources */,
				276868AD22FBBE8F0032F464 /* PhotoDataSource.swift in Sources */,
				2786D0CB22F9422800EED713 /* AppDelegate.swift in Sources */,
				27DCA16522FA179000A4B7E6 /* PhotoStore.swift in Sources */,
				276868B422FBC9B00032F464 /* ImageStore.swift in Sources */,
				27DD355D22FF1FA000069B1B /* Photorama.xcdatamodeld in Sources */,
				27DCA16122FA135D00A4B7E6 /* FlickrApi.swift in Sources */,
				27B0EDC522FA5C220080784A /* FlickrPhoto.swift in Sources */,
			);
			runOnlyForDeploymentPostprocessing = 0;
		};
		2786D0D722F9422900EED713 /* Sources */ = {
			isa = PBXSourcesBuildPhase;
			buildActionMask = 2147483647;
			files = (
				2786D0E022F9422900EED713 /* PhotoramaTests.swift in Sources */,
			);
			runOnlyForDeploymentPostprocessing = 0;
		};
		2786D0E222F9422900EED713 /* Sources */ = {
			isa = PBXSourcesBuildPhase;
			buildActionMask = 2147483647;
			files = (
				2786D0EB22F9422900EED713 /* PhotoramaUITests.swift in Sources */,
			);
			runOnlyForDeploymentPostprocessing = 0;
		};
/* End PBXSourcesBuildPhase section */

/* Begin PBXTargetDependency section */
		2786D0DD22F9422900EED713 /* PBXTargetDependency */ = {
			isa = PBXTargetDependency;
			target = 2786D0C622F9422800EED713 /* Photorama */;
			targetProxy = 2786D0DC22F9422900EED713 /* PBXContainerItemProxy */;
		};
		2786D0E822F9422900EED713 /* PBXTargetDependency */ = {
			isa = PBXTargetDependency;
			target = 2786D0C622F9422800EED713 /* Photorama */;
			targetProxy = 2786D0E722F9422900EED713 /* PBXContainerItemProxy */;
		};
/* End PBXTargetDependency section */

/* Begin PBXVariantGroup section */
		2786D0CE22F9422800EED713 /* Main.storyboard */ = {
			isa = PBXVariantGroup;
			children = (
				2786D0CF22F9422800EED713 /* Base */,
			);
			name = Main.storyboard;
			sourceTree = "<group>";
		};
		2786D0D322F9422900EED713 /* LaunchScreen.storyboard */ = {
			isa = PBXVariantGroup;
			children = (
				2786D0D422F9422900EED713 /* Base */,
			);
			name = LaunchScreen.storyboard;
			sourceTree = "<group>";
		};
/* End PBXVariantGroup section */

/* Begin XCBuildConfiguration section */
		2786D0ED22F9422900EED713 /* Debug */ = {
			isa = XCBuildConfiguration;
			buildSettings = {
				ALWAYS_SEARCH_USER_PATHS = NO;
				CLANG_ANALYZER_NONNULL = YES;
				CLANG_ANALYZER_NUMBER_OBJECT_CONVERSION = YES_AGGRESSIVE;
				CLANG_CXX_LANGUAGE_STANDARD = "gnu++14";
				CLANG_CXX_LIBRARY = "libc++";
				CLANG_ENABLE_MODULES = YES;
				CLANG_ENABLE_OBJC_ARC = YES;
				CLANG_ENABLE_OBJC_WEAK = YES;
				CLANG_WARN_BLOCK_CAPTURE_AUTORELEASING = YES;
				CLANG_WARN_BOOL_CONVERSION = YES;
				CLANG_WARN_COMMA = YES;
				CLANG_WARN_CONSTANT_CONVERSION = YES;
				CLANG_WARN_DEPRECATED_OBJC_IMPLEMENTATIONS = YES;
				CLANG_WARN_DIRECT_OBJC_ISA_USAGE = YES_ERROR;
				CLANG_WARN_DOCUMENTATION_COMMENTS = YES;
				CLANG_WARN_EMPTY_BODY = YES;
				CLANG_WARN_ENUM_CONVERSION = YES;
				CLANG_WARN_INFINITE_RECURSION = YES;
				CLANG_WARN_INT_CONVERSION = YES;
				CLANG_WARN_NON_LITERAL_NULL_CONVERSION = YES;
				CLANG_WARN_OBJC_IMPLICIT_RETAIN_SELF = YES;
				CLANG_WARN_OBJC_LITERAL_CONVERSION = YES;
				CLANG_WARN_OBJC_ROOT_CLASS = YES_ERROR;
				CLANG_WARN_RANGE_LOOP_ANALYSIS = YES;
				CLANG_WARN_STRICT_PROTOTYPES = YES;
				CLANG_WARN_SUSPICIOUS_MOVE = YES;
				CLANG_WARN_UNGUARDED_AVAILABILITY = YES_AGGRESSIVE;
				CLANG_WARN_UNREACHABLE_CODE = YES;
				CLANG_WARN__DUPLICATE_METHOD_MATCH = YES;
				CODE_SIGN_IDENTITY = "iPhone Developer";
				COPY_PHASE_STRIP = NO;
				DEBUG_INFORMATION_FORMAT = dwarf;
				ENABLE_STRICT_OBJC_MSGSEND = YES;
				ENABLE_TESTABILITY = YES;
				GCC_C_LANGUAGE_STANDARD = gnu11;
				GCC_DYNAMIC_NO_PIC = NO;
				GCC_NO_COMMON_BLOCKS = YES;
				GCC_OPTIMIZATION_LEVEL = 0;
				GCC_PREPROCESSOR_DEFINITIONS = (
					"DEBUG=1",
					"$(inherited)",
				);
				GCC_WARN_64_TO_32_BIT_CONVERSION = YES;
				GCC_WARN_ABOUT_RETURN_TYPE = YES_ERROR;
				GCC_WARN_UNDECLARED_SELECTOR = YES;
				GCC_WARN_UNINITIALIZED_AUTOS = YES_AGGRESSIVE;
				GCC_WARN_UNUSED_FUNCTION = YES;
				GCC_WARN_UNUSED_VARIABLE = YES;
				IPHONEOS_DEPLOYMENT_TARGET = 12.4;
				MTL_ENABLE_DEBUG_INFO = INCLUDE_SOURCE;
				MTL_FAST_MATH = YES;
				ONLY_ACTIVE_ARCH = YES;
				SDKROOT = iphoneos;
				SWIFT_ACTIVE_COMPILATION_CONDITIONS = DEBUG;
				SWIFT_OPTIMIZATION_LEVEL = "-Onone";
			};
			name = Debug;
		};
		2786D0EE22F9422900EED713 /* Release */ = {
			isa = XCBuildConfiguration;
			buildSettings = {
				ALWAYS_SEARCH_USER_PATHS = NO;
				CLANG_ANALYZER_NONNULL = YES;
				CLANG_ANALYZER_NUMBER_OBJECT_CONVERSION = YES_AGGRESSIVE;
				CLANG_CXX_LANGUAGE_STANDARD = "gnu++14";
				CLANG_CXX_LIBRARY = "libc++";
				CLANG_ENABLE_MODULES = YES;
				CLANG_ENABLE_OBJC_ARC = YES;
				CLANG_ENABLE_OBJC_WEAK = YES;
				CLANG_WARN_BLOCK_CAPTURE_AUTORELEASING = YES;
				CLANG_WARN_BOOL_CONVERSION = YES;
				CLANG_WARN_COMMA = YES;
				CLANG_WARN_CONSTANT_CONVERSION = YES;
				CLANG_WARN_DEPRECATED_OBJC_IMPLEMENTATIONS = YES;
				CLANG_WARN_DIRECT_OBJC_ISA_USAGE = YES_ERROR;
				CLANG_WARN_DOCUMENTATION_COMMENTS = YES;
				CLANG_WARN_EMPTY_BODY = YES;
				CLANG_WARN_ENUM_CONVERSION = YES;
				CLANG_WARN_INFINITE_RECURSION = YES;
				CLANG_WARN_INT_CONVERSION = YES;
				CLANG_WARN_NON_LITERAL_NULL_CONVERSION = YES;
				CLANG_WARN_OBJC_IMPLICIT_RETAIN_SELF = YES;
				CLANG_WARN_OBJC_LITERAL_CONVERSION = YES;
				CLANG_WARN_OBJC_ROOT_CLASS = YES_ERROR;
				CLANG_WARN_RANGE_LOOP_ANALYSIS = YES;
				CLANG_WARN_STRICT_PROTOTYPES = YES;
				CLANG_WARN_SUSPICIOUS_MOVE = YES;
				CLANG_WARN_UNGUARDED_AVAILABILITY = YES_AGGRESSIVE;
				CLANG_WARN_UNREACHABLE_CODE = YES;
				CLANG_WARN__DUPLICATE_METHOD_MATCH = YES;
				CODE_SIGN_IDENTITY = "iPhone Developer";
				COPY_PHASE_STRIP = NO;
				DEBUG_INFORMATION_FORMAT = "dwarf-with-dsym";
				ENABLE_NS_ASSERTIONS = NO;
				ENABLE_STRICT_OBJC_MSGSEND = YES;
				GCC_C_LANGUAGE_STANDARD = gnu11;
				GCC_NO_COMMON_BLOCKS = YES;
				GCC_WARN_64_TO_32_BIT_CONVERSION = YES;
				GCC_WARN_ABOUT_RETURN_TYPE = YES_ERROR;
				GCC_WARN_UNDECLARED_SELECTOR = YES;
				GCC_WARN_UNINITIALIZED_AUTOS = YES_AGGRESSIVE;
				GCC_WARN_UNUSED_FUNCTION = YES;
				GCC_WARN_UNUSED_VARIABLE = YES;
				IPHONEOS_DEPLOYMENT_TARGET = 12.4;
				MTL_ENABLE_DEBUG_INFO = NO;
				MTL_FAST_MATH = YES;
				SDKROOT = iphoneos;
				SWIFT_COMPILATION_MODE = wholemodule;
				SWIFT_OPTIMIZATION_LEVEL = "-O";
				VALIDATE_PRODUCT = YES;
			};
			name = Release;
		};
		2786D0F022F9422900EED713 /* Debug */ = {
			isa = XCBuildConfiguration;
			buildSettings = {
				ASSETCATALOG_COMPILER_APPICON_NAME = AppIcon;
				CODE_SIGN_STYLE = Automatic;
				DEVELOPMENT_TEAM = YANEU7VTX5;
				INFOPLIST_FILE = Photorama/Info.plist;
				LD_RUNPATH_SEARCH_PATHS = (
					"$(inherited)",
					"@executable_path/Frameworks",
				);
				PRODUCT_BUNDLE_IDENTIFIER = com.timmiller.Photorama;
				PRODUCT_NAME = "$(TARGET_NAME)";
				SWIFT_VERSION = 5.0;
				TARGETED_DEVICE_FAMILY = "1,2";
			};
			name = Debug;
		};
		2786D0F122F9422900EED713 /* Release */ = {
			isa = XCBuildConfiguration;
			buildSettings = {
				ASSETCATALOG_COMPILER_APPICON_NAME = AppIcon;
				CODE_SIGN_STYLE = Automatic;
				DEVELOPMENT_TEAM = YANEU7VTX5;
				INFOPLIST_FILE = Photorama/Info.plist;
				LD_RUNPATH_SEARCH_PATHS = (
					"$(inherited)",
					"@executable_path/Frameworks",
				);
				PRODUCT_BUNDLE_IDENTIFIER = com.timmiller.Photorama;
				PRODUCT_NAME = "$(TARGET_NAME)";
				SWIFT_VERSION = 5.0;
				TARGETED_DEVICE_FAMILY = "1,2";
			};
			name = Release;
		};
		2786D0F322F9422900EED713 /* Debug */ = {
			isa = XCBuildConfiguration;
			buildSettings = {
				ALWAYS_EMBED_SWIFT_STANDARD_LIBRARIES = YES;
				BUNDLE_LOADER = "$(TEST_HOST)";
				CODE_SIGN_STYLE = Automatic;
				DEVELOPMENT_TEAM = YANEU7VTX5;
				INFOPLIST_FILE = PhotoramaTests/Info.plist;
				LD_RUNPATH_SEARCH_PATHS = (
					"$(inherited)",
					"@executable_path/Frameworks",
					"@loader_path/Frameworks",
				);
				PRODUCT_BUNDLE_IDENTIFIER = com.timmiller.PhotoramaTests;
				PRODUCT_NAME = "$(TARGET_NAME)";
				SWIFT_VERSION = 5.0;
				TARGETED_DEVICE_FAMILY = "1,2";
				TEST_HOST = "$(BUILT_PRODUCTS_DIR)/Photorama.app/Photorama";
			};
			name = Debug;
		};
		2786D0F422F9422900EED713 /* Release */ = {
			isa = XCBuildConfiguration;
			buildSettings = {
				ALWAYS_EMBED_SWIFT_STANDARD_LIBRARIES = YES;
				BUNDLE_LOADER = "$(TEST_HOST)";
				CODE_SIGN_STYLE = Automatic;
				DEVELOPMENT_TEAM = YANEU7VTX5;
				INFOPLIST_FILE = PhotoramaTests/Info.plist;
				LD_RUNPATH_SEARCH_PATHS = (
					"$(inherited)",
					"@executable_path/Frameworks",
					"@loader_path/Frameworks",
				);
				PRODUCT_BUNDLE_IDENTIFIER = com.timmiller.PhotoramaTests;
				PRODUCT_NAME = "$(TARGET_NAME)";
				SWIFT_VERSION = 5.0;
				TARGETED_DEVICE_FAMILY = "1,2";
				TEST_HOST = "$(BUILT_PRODUCTS_DIR)/Photorama.app/Photorama";
			};
			name = Release;
		};
		2786D0F622F9422900EED713 /* Debug */ = {
			isa = XCBuildConfiguration;
			buildSettings = {
				ALWAYS_EMBED_SWIFT_STANDARD_LIBRARIES = YES;
				CODE_SIGN_STYLE = Automatic;
				DEVELOPMENT_TEAM = YANEU7VTX5;
				INFOPLIST_FILE = PhotoramaUITests/Info.plist;
				LD_RUNPATH_SEARCH_PATHS = (
					"$(inherited)",
					"@executable_path/Frameworks",
					"@loader_path/Frameworks",
				);
				PRODUCT_BUNDLE_IDENTIFIER = com.timmiller.PhotoramaUITests;
				PRODUCT_NAME = "$(TARGET_NAME)";
				SWIFT_VERSION = 5.0;
				TARGETED_DEVICE_FAMILY = "1,2";
				TEST_TARGET_NAME = Photorama;
			};
			name = Debug;
		};
		2786D0F722F9422900EED713 /* Release */ = {
			isa = XCBuildConfiguration;
			buildSettings = {
				ALWAYS_EMBED_SWIFT_STANDARD_LIBRARIES = YES;
				CODE_SIGN_STYLE = Automatic;
				DEVELOPMENT_TEAM = YANEU7VTX5;
				INFOPLIST_FILE = PhotoramaUITests/Info.plist;
				LD_RUNPATH_SEARCH_PATHS = (
					"$(inherited)",
					"@executable_path/Frameworks",
					"@loader_path/Frameworks",
				);
				PRODUCT_BUNDLE_IDENTIFIER = com.timmiller.PhotoramaUITests;
				PRODUCT_NAME = "$(TARGET_NAME)";
				SWIFT_VERSION = 5.0;
				TARGETED_DEVICE_FAMILY = "1,2";
				TEST_TARGET_NAME = Photorama;
			};
			name = Release;
		};
/* End XCBuildConfiguration section */

/* Begin XCConfigurationList section */
		2786D0C222F9422700EED713 /* Build configuration list for PBXProject "Photorama" */ = {
			isa = XCConfigurationList;
			buildConfigurations = (
				2786D0ED22F9422900EED713 /* Debug */,
				2786D0EE22F9422900EED713 /* Release */,
			);
			defaultConfigurationIsVisible = 0;
			defaultConfigurationName = Release;
		};
		2786D0EF22F9422900EED713 /* Build configuration list for PBXNativeTarget "Photorama" */ = {
			isa = XCConfigurationList;
			buildConfigurations = (
				2786D0F022F9422900EED713 /* Debug */,
				2786D0F122F9422900EED713 /* Release */,
			);
			defaultConfigurationIsVisible = 0;
			defaultConfigurationName = Release;
		};
		2786D0F222F9422900EED713 /* Build configuration list for PBXNativeTarget "PhotoramaTests" */ = {
			isa = XCConfigurationList;
			buildConfigurations = (
				2786D0F322F9422900EED713 /* Debug */,
				2786D0F422F9422900EED713 /* Release */,
			);
			defaultConfigurationIsVisible = 0;
			defaultConfigurationName = Release;
		};
		2786D0F522F9422900EED713 /* Build configuration list for PBXNativeTarget "PhotoramaUITests" */ = {
			isa = XCConfigurationList;
			buildConfigurations = (
				2786D0F622F9422900EED713 /* Debug */,
				2786D0F722F9422900EED713 /* Release */,
			);
			defaultConfigurationIsVisible = 0;
			defaultConfigurationName = Release;
		};
/* End XCConfigurationList section */

/* Begin XCVersionGroup section */
		27DD355B22FF1FA000069B1B /* Photorama.xcdatamodeld */ = {
			isa = XCVersionGroup;
			children = (
				27DD355C22FF1FA000069B1B /* Photorama.xcdatamodel */,
			);
			currentVersion = 27DD355C22FF1FA000069B1B /* Photorama.xcdatamodel */;
			path = Photorama.xcdatamodeld;
			sourceTree = "<group>";
			versionGroupType = wrapper.xcdatamodel;
		};
/* End XCVersionGroup section */
	};
	rootObject = 2786D0BF22F9422700EED713 /* Project object */;
}
