// !$*UTF8*$!
{
	archiveVersion = 1;
	classes = {
	};
	objectVersion = 50;
	objects = {

/* Begin PBXBuildFile section */
		270E4A0C22DA14B700919E1F /* AppDelegate.swift in Sources */ = {isa = PBXBuildFile; fileRef = 270E4A0B22DA14B700919E1F /* AppDelegate.swift */; };
		270E4A1122DA14B700919E1F /* Main.storyboard in Resources */ = {isa = PBXBuildFile; fileRef = 270E4A0F22DA14B700919E1F /* Main.storyboard */; };
		270E4A1322DA14BC00919E1F /* Assets.xcassets in Resources */ = {isa = PBXBuildFile; fileRef = 270E4A1222DA14BC00919E1F /* Assets.xcassets */; };
		270E4A1622DA14BC00919E1F /* LaunchScreen.storyboard in Resources */ = {isa = PBXBuildFile; fileRef = 270E4A1422DA14BC00919E1F /* LaunchScreen.storyboard */; };
		270E4A2122DA14BC00919E1F /* WorldTrotterTests.swift in Sources */ = {isa = PBXBuildFile; fileRef = 270E4A2022DA14BC00919E1F /* WorldTrotterTests.swift */; };
		270E4A2C22DA14BC00919E1F /* WorldTrotterUITests.swift in Sources */ = {isa = PBXBuildFile; fileRef = 270E4A2B22DA14BC00919E1F /* WorldTrotterUITests.swift */; };
		270E4A3A22DAC01300919E1F /* ConversionViewController.swift in Sources */ = {isa = PBXBuildFile; fileRef = 270E4A3922DAC01300919E1F /* ConversionViewController.swift */; };
/* End PBXBuildFile section */

/* Begin PBXContainerItemProxy section */
		270E4A1D22DA14BC00919E1F /* PBXContainerItemProxy */ = {
			isa = PBXContainerItemProxy;
			containerPortal = 270E4A0022DA14B600919E1F /* Project object */;
			proxyType = 1;
			remoteGlobalIDString = 270E4A0722DA14B600919E1F;
			remoteInfo = WorldTrotter;
		};
		270E4A2822DA14BC00919E1F /* PBXContainerItemProxy */ = {
			isa = PBXContainerItemProxy;
			containerPortal = 270E4A0022DA14B600919E1F /* Project object */;
			proxyType = 1;
			remoteGlobalIDString = 270E4A0722DA14B600919E1F;
			remoteInfo = WorldTrotter;
		};
/* End PBXContainerItemProxy section */

/* Begin PBXFileReference section */
		270E4A0822DA14B700919E1F /* WorldTrotter.app */ = {isa = PBXFileReference; explicitFileType = wrapper.application; includeInIndex = 0; path = WorldTrotter.app; sourceTree = BUILT_PRODUCTS_DIR; };
		270E4A0B22DA14B700919E1F /* AppDelegate.swift */ = {isa = PBXFileReference; lastKnownFileType = sourcecode.swift; path = AppDelegate.swift; sourceTree = "<group>"; };
		270E4A1022DA14B700919E1F /* Base */ = {isa = PBXFileReference; lastKnownFileType = file.storyboard; name = Base; path = Base.lproj/Main.storyboard; sourceTree = "<group>"; };
		270E4A1222DA14BC00919E1F /* Assets.xcassets */ = {isa = PBXFileReference; lastKnownFileType = folder.assetcatalog; path = Assets.xcassets; sourceTree = "<group>"; };
		270E4A1522DA14BC00919E1F /* Base */ = {isa = PBXFileReference; lastKnownFileType = file.storyboard; name = Base; path = Base.lproj/LaunchScreen.storyboard; sourceTree = "<group>"; };
		270E4A1722DA14BC00919E1F /* Info.plist */ = {isa = PBXFileReference; lastKnownFileType = text.plist.xml; path = Info.plist; sourceTree = "<group>"; };
		270E4A1C22DA14BC00919E1F /* WorldTrotterTests.xctest */ = {isa = PBXFileReference; explicitFileType = wrapper.cfbundle; includeInIndex = 0; path = WorldTrotterTests.xctest; sourceTree = BUILT_PRODUCTS_DIR; };
		270E4A2022DA14BC00919E1F /* WorldTrotterTests.swift */ = {isa = PBXFileReference; lastKnownFileType = sourcecode.swift; path = WorldTrotterTests.swift; sourceTree = "<group>"; };
		270E4A2222DA14BC00919E1F /* Info.plist */ = {isa = PBXFileReference; lastKnownFileType = text.plist.xml; path = Info.plist; sourceTree = "<group>"; };
		270E4A2722DA14BC00919E1F /* WorldTrotterUITests.xctest */ = {isa = PBXFileReference; explicitFileType = wrapper.cfbundle; includeInIndex = 0; path = WorldTrotterUITests.xctest; sourceTree = BUILT_PRODUCTS_DIR; };
		270E4A2B22DA14BC00919E1F /* WorldTrotterUITests.swift */ = {isa = PBXFileReference; lastKnownFileType = sourcecode.swift; path = WorldTrotterUITests.swift; sourceTree = "<group>"; };
		270E4A2D22DA14BC00919E1F /* Info.plist */ = {isa = PBXFileReference; lastKnownFileType = text.plist.xml; path = Info.plist; sourceTree = "<group>"; };
		270E4A3922DAC01300919E1F /* ConversionViewController.swift */ = {isa = PBXFileReference; lastKnownFileType = sourcecode.swift; path = ConversionViewController.swift; sourceTree = "<group>"; };
/* End PBXFileReference section */

/* Begin PBXFrameworksBuildPhase section */
		270E4A0522DA14B600919E1F /* Frameworks */ = {
			isa = PBXFrameworksBuildPhase;
			buildActionMask = 2147483647;
			files = (
			);
			runOnlyForDeploymentPostprocessing = 0;
		};
		270E4A1922DA14BC00919E1F /* Frameworks */ = {
			isa = PBXFrameworksBuildPhase;
			buildActionMask = 2147483647;
			files = (
			);
			runOnlyForDeploymentPostprocessing = 0;
		};
		270E4A2422DA14BC00919E1F /* Frameworks */ = {
			isa = PBXFrameworksBuildPhase;
			buildActionMask = 2147483647;
			files = (
			);
			runOnlyForDeploymentPostprocessing = 0;
		};
/* End PBXFrameworksBuildPhase section */

/* Begin PBXGroup section */
		270E49FF22DA14B600919E1F = {
			isa = PBXGroup;
			children = (
				270E4A0A22DA14B700919E1F /* WorldTrotter */,
				270E4A1F22DA14BC00919E1F /* WorldTrotterTests */,
				270E4A2A22DA14BC00919E1F /* WorldTrotterUITests */,
				270E4A0922DA14B700919E1F /* Products */,
			);
			sourceTree = "<group>";
		};
		270E4A0922DA14B700919E1F /* Products */ = {
			isa = PBXGroup;
			children = (
				270E4A0822DA14B700919E1F /* WorldTrotter.app */,
				270E4A1C22DA14BC00919E1F /* WorldTrotterTests.xctest */,
				270E4A2722DA14BC00919E1F /* WorldTrotterUITests.xctest */,
			);
			name = Products;
			sourceTree = "<group>";
		};
		270E4A0A22DA14B700919E1F /* WorldTrotter */ = {
			isa = PBXGroup;
			children = (
				270E4A0B22DA14B700919E1F /* AppDelegate.swift */,
				270E4A3922DAC01300919E1F /* ConversionViewController.swift */,
				270E4A0F22DA14B700919E1F /* Main.storyboard */,
				270E4A1222DA14BC00919E1F /* Assets.xcassets */,
				270E4A1422DA14BC00919E1F /* LaunchScreen.storyboard */,
				270E4A1722DA14BC00919E1F /* Info.plist */,
			);
			path = WorldTrotter;
			sourceTree = "<group>";
		};
		270E4A1F22DA14BC00919E1F /* WorldTrotterTests */ = {
			isa = PBXGroup;
			children = (
				270E4A2022DA14BC00919E1F /* WorldTrotterTests.swift */,
				270E4A2222DA14BC00919E1F /* Info.plist */,
			);
			path = WorldTrotterTests;
			sourceTree = "<group>";
		};
		270E4A2A22DA14BC00919E1F /* WorldTrotterUITests */ = {
			isa = PBXGroup;
			children = (
				270E4A2B22DA14BC00919E1F /* WorldTrotterUITests.swift */,
				270E4A2D22DA14BC00919E1F /* Info.plist */,
			);
			path = WorldTrotterUITests;
			sourceTree = "<group>";
		};
/* End PBXGroup section */

/* Begin PBXNativeTarget section */
		270E4A0722DA14B600919E1F /* WorldTrotter */ = {
			isa = PBXNativeTarget;
			buildConfigurationList = 270E4A3022DA14BC00919E1F /* Build configuration list for PBXNativeTarget "WorldTrotter" */;
			buildPhases = (
				270E4A0422DA14B600919E1F /* Sources */,
				270E4A0522DA14B600919E1F /* Frameworks */,
				270E4A0622DA14B600919E1F /* Resources */,
			);
			buildRules = (
			);
			dependencies = (
			);
			name = WorldTrotter;
			productName = WorldTrotter;
			productReference = 270E4A0822DA14B700919E1F /* WorldTrotter.app */;
			productType = "com.apple.product-type.application";
		};
		270E4A1B22DA14BC00919E1F /* WorldTrotterTests */ = {
			isa = PBXNativeTarget;
			buildConfigurationList = 270E4A3322DA14BC00919E1F /* Build configuration list for PBXNativeTarget "WorldTrotterTests" */;
			buildPhases = (
				270E4A1822DA14BC00919E1F /* Sources */,
				270E4A1922DA14BC00919E1F /* Frameworks */,
				270E4A1A22DA14BC00919E1F /* Resources */,
			);
			buildRules = (
			);
			dependencies = (
				270E4A1E22DA14BC00919E1F /* PBXTargetDependency */,
			);
			name = WorldTrotterTests;
			productName = WorldTrotterTests;
			productReference = 270E4A1C22DA14BC00919E1F /* WorldTrotterTests.xctest */;
			productType = "com.apple.product-type.bundle.unit-test";
		};
		270E4A2622DA14BC00919E1F /* WorldTrotterUITests */ = {
			isa = PBXNativeTarget;
			buildConfigurationList = 270E4A3622DA14BC00919E1F /* Build configuration list for PBXNativeTarget "WorldTrotterUITests" */;
			buildPhases = (
				270E4A2322DA14BC00919E1F /* Sources */,
				270E4A2422DA14BC00919E1F /* Frameworks */,
				270E4A2522DA14BC00919E1F /* Resources */,
			);
			buildRules = (
			);
			dependencies = (
				270E4A2922DA14BC00919E1F /* PBXTargetDependency */,
			);
			name = WorldTrotterUITests;
			productName = WorldTrotterUITests;
			productReference = 270E4A2722DA14BC00919E1F /* WorldTrotterUITests.xctest */;
			productType = "com.apple.product-type.bundle.ui-testing";
		};
/* End PBXNativeTarget section */

/* Begin PBXProject section */
		270E4A0022DA14B600919E1F /* Project object */ = {
			isa = PBXProject;
			attributes = {
				LastSwiftUpdateCheck = 1020;
				LastUpgradeCheck = 1020;
				ORGANIZATIONNAME = "Big Nerd Ranch";
				TargetAttributes = {
					270E4A0722DA14B600919E1F = {
						CreatedOnToolsVersion = 10.2.1;
					};
					270E4A1B22DA14BC00919E1F = {
						CreatedOnToolsVersion = 10.2.1;
						TestTargetID = 270E4A0722DA14B600919E1F;
					};
					270E4A2622DA14BC00919E1F = {
						CreatedOnToolsVersion = 10.2.1;
						TestTargetID = 270E4A0722DA14B600919E1F;
					};
				};
			};
			buildConfigurationList = 270E4A0322DA14B600919E1F /* Build configuration list for PBXProject "WorldTrotter" */;
			compatibilityVersion = "Xcode 9.3";
			developmentRegion = en;
			hasScannedForEncodings = 0;
			knownRegions = (
				en,
				Base,
			);
			mainGroup = 270E49FF22DA14B600919E1F;
			productRefGroup = 270E4A0922DA14B700919E1F /* Products */;
			projectDirPath = "";
			projectRoot = "";
			targets = (
				270E4A0722DA14B600919E1F /* WorldTrotter */,
				270E4A1B22DA14BC00919E1F /* WorldTrotterTests */,
				270E4A2622DA14BC00919E1F /* WorldTrotterUITests */,
			);
		};
/* End PBXProject section */

/* Begin PBXResourcesBuildPhase section */
		270E4A0622DA14B600919E1F /* Resources */ = {
			isa = PBXResourcesBuildPhase;
			buildActionMask = 2147483647;
			files = (
				270E4A1622DA14BC00919E1F /* LaunchScreen.storyboard in Resources */,
				270E4A1322DA14BC00919E1F /* Assets.xcassets in Resources */,
				270E4A1122DA14B700919E1F /* Main.storyboard in Resources */,
			);
			runOnlyForDeploymentPostprocessing = 0;
		};
		270E4A1A22DA14BC00919E1F /* Resources */ = {
			isa = PBXResourcesBuildPhase;
			buildActionMask = 2147483647;
			files = (
			);
			runOnlyForDeploymentPostprocessing = 0;
		};
		270E4A2522DA14BC00919E1F /* Resources */ = {
			isa = PBXResourcesBuildPhase;
			buildActionMask = 2147483647;
			files = (
			);
			runOnlyForDeploymentPostprocessing = 0;
		};
/* End PBXResourcesBuildPhase section */

/* Begin PBXSourcesBuildPhase section */
		270E4A0422DA14B600919E1F /* Sources */ = {
			isa = PBXSourcesBuildPhase;
			buildActionMask = 2147483647;
			files = (
				270E4A3A22DAC01300919E1F /* ConversionViewController.swift in Sources */,
				270E4A0C22DA14B700919E1F /* AppDelegate.swift in Sources */,
			);
			runOnlyForDeploymentPostprocessing = 0;
		};
		270E4A1822DA14BC00919E1F /* Sources */ = {
			isa = PBXSourcesBuildPhase;
			buildActionMask = 2147483647;
			files = (
				270E4A2122DA14BC00919E1F /* WorldTrotterTests.swift in Sources */,
			);
			runOnlyForDeploymentPostprocessing = 0;
		};
		270E4A2322DA14BC00919E1F /* Sources */ = {
			isa = PBXSourcesBuildPhase;
			buildActionMask = 2147483647;
			files = (
				270E4A2C22DA14BC00919E1F /* WorldTrotterUITests.swift in Sources */,
			);
			runOnlyForDeploymentPostprocessing = 0;
		};
/* End PBXSourcesBuildPhase section */

/* Begin PBXTargetDependency section */
		270E4A1E22DA14BC00919E1F /* PBXTargetDependency */ = {
			isa = PBXTargetDependency;
			target = 270E4A0722DA14B600919E1F /* WorldTrotter */;
			targetProxy = 270E4A1D22DA14BC00919E1F /* PBXContainerItemProxy */;
		};
		270E4A2922DA14BC00919E1F /* PBXTargetDependency */ = {
			isa = PBXTargetDependency;
			target = 270E4A0722DA14B600919E1F /* WorldTrotter */;
			targetProxy = 270E4A2822DA14BC00919E1F /* PBXContainerItemProxy */;
		};
/* End PBXTargetDependency section */

/* Begin PBXVariantGroup section */
		270E4A0F22DA14B700919E1F /* Main.storyboard */ = {
			isa = PBXVariantGroup;
			children = (
				270E4A1022DA14B700919E1F /* Base */,
			);
			name = Main.storyboard;
			sourceTree = "<group>";
		};
		270E4A1422DA14BC00919E1F /* LaunchScreen.storyboard */ = {
			isa = PBXVariantGroup;
			children = (
				270E4A1522DA14BC00919E1F /* Base */,
			);
			name = LaunchScreen.storyboard;
			sourceTree = "<group>";
		};
/* End PBXVariantGroup section */

/* Begin XCBuildConfiguration section */
		270E4A2E22DA14BC00919E1F /* Debug */ = {
			isa = XCBuildConfiguration;
			buildSettings = {
				ALWAYS_SEARCH_USER_PATHS = NO;
				CLANG_ANALYZER_NONNULL = YES;
				CLANG_ANALYZER_NUMBER_OBJECT_CONVERSION = YES_AGGRESSIVE;
				CLANG_CXX_LANGUAGE_STANDARD = "gnu++14";
				CLANG_CXX_LIBRARY = "libc++";
				CLANG_ENABLE_MODULES = YES;
				CLANG_ENABLE_OBJC_ARC = YES;
				CLANG_ENABLE_OBJC_WEAK = YES;
				CLANG_WARN_BLOCK_CAPTURE_AUTORELEASING = YES;
				CLANG_WARN_BOOL_CONVERSION = YES;
				CLANG_WARN_COMMA = YES;
				CLANG_WARN_CONSTANT_CONVERSION = YES;
				CLANG_WARN_DEPRECATED_OBJC_IMPLEMENTATIONS = YES;
				CLANG_WARN_DIRECT_OBJC_ISA_USAGE = YES_ERROR;
				CLANG_WARN_DOCUMENTATION_COMMENTS = YES;
				CLANG_WARN_EMPTY_BODY = YES;
				CLANG_WARN_ENUM_CONVERSION = YES;
				CLANG_WARN_INFINITE_RECURSION = YES;
				CLANG_WARN_INT_CONVERSION = YES;
				CLANG_WARN_NON_LITERAL_NULL_CONVERSION = YES;
				CLANG_WARN_OBJC_IMPLICIT_RETAIN_SELF = YES;
				CLANG_WARN_OBJC_LITERAL_CONVERSION = YES;
				CLANG_WARN_OBJC_ROOT_CLASS = YES_ERROR;
				CLANG_WARN_RANGE_LOOP_ANALYSIS = YES;
				CLANG_WARN_STRICT_PROTOTYPES = YES;
				CLANG_WARN_SUSPICIOUS_MOVE = YES;
				CLANG_WARN_UNGUARDED_AVAILABILITY = YES_AGGRESSIVE;
				CLANG_WARN_UNREACHABLE_CODE = YES;
				CLANG_WARN__DUPLICATE_METHOD_MATCH = YES;
				CODE_SIGN_IDENTITY = "iPhone Developer";
				COPY_PHASE_STRIP = NO;
				DEBUG_INFORMATION_FORMAT = dwarf;
				ENABLE_STRICT_OBJC_MSGSEND = YES;
				ENABLE_TESTABILITY = YES;
				GCC_C_LANGUAGE_STANDARD = gnu11;
				GCC_DYNAMIC_NO_PIC = NO;
				GCC_NO_COMMON_BLOCKS = YES;
				GCC_OPTIMIZATION_LEVEL = 0;
				GCC_PREPROCESSOR_DEFINITIONS = (
					"DEBUG=1",
					"$(inherited)",
				);
				GCC_WARN_64_TO_32_BIT_CONVERSION = YES;
				GCC_WARN_ABOUT_RETURN_TYPE = YES_ERROR;
				GCC_WARN_UNDECLARED_SELECTOR = YES;
				GCC_WARN_UNINITIALIZED_AUTOS = YES_AGGRESSIVE;
				GCC_WARN_UNUSED_FUNCTION = YES;
				GCC_WARN_UNUSED_VARIABLE = YES;
				IPHONEOS_DEPLOYMENT_TARGET = 12.2;
				MTL_ENABLE_DEBUG_INFO = INCLUDE_SOURCE;
				MTL_FAST_MATH = YES;
				ONLY_ACTIVE_ARCH = YES;
				SDKROOT = iphoneos;
				SWIFT_ACTIVE_COMPILATION_CONDITIONS = DEBUG;
				SWIFT_OPTIMIZATION_LEVEL = "-Onone";
			};
			name = Debug;
		};
		270E4A2F22DA14BC00919E1F /* Release */ = {
			isa = XCBuildConfiguration;
			buildSettings = {
				ALWAYS_SEARCH_USER_PATHS = NO;
				CLANG_ANALYZER_NONNULL = YES;
				CLANG_ANALYZER_NUMBER_OBJECT_CONVERSION = YES_AGGRESSIVE;
				CLANG_CXX_LANGUAGE_STANDARD = "gnu++14";
				CLANG_CXX_LIBRARY = "libc++";
				CLANG_ENABLE_MODULES = YES;
				CLANG_ENABLE_OBJC_ARC = YES;
				CLANG_ENABLE_OBJC_WEAK = YES;
				CLANG_WARN_BLOCK_CAPTURE_AUTORELEASING = YES;
				CLANG_WARN_BOOL_CONVERSION = YES;
				CLANG_WARN_COMMA = YES;
				CLANG_WARN_CONSTANT_CONVERSION = YES;
				CLANG_WARN_DEPRECATED_OBJC_IMPLEMENTATIONS = YES;
				CLANG_WARN_DIRECT_OBJC_ISA_USAGE = YES_ERROR;
				CLANG_WARN_DOCUMENTATION_COMMENTS = YES;
				CLANG_WARN_EMPTY_BODY = YES;
				CLANG_WARN_ENUM_CONVERSION = YES;
				CLANG_WARN_INFINITE_RECURSION = YES;
				CLANG_WARN_INT_CONVERSION = YES;
				CLANG_WARN_NON_LITERAL_NULL_CONVERSION = YES;
				CLANG_WARN_OBJC_IMPLICIT_RETAIN_SELF = YES;
				CLANG_WARN_OBJC_LITERAL_CONVERSION = YES;
				CLANG_WARN_OBJC_ROOT_CLASS = YES_ERROR;
				CLANG_WARN_RANGE_LOOP_ANALYSIS = YES;
				CLANG_WARN_STRICT_PROTOTYPES = YES;
				CLANG_WARN_SUSPICIOUS_MOVE = YES;
				CLANG_WARN_UNGUARDED_AVAILABILITY = YES_AGGRESSIVE;
				CLANG_WARN_UNREACHABLE_CODE = YES;
				CLANG_WARN__DUPLICATE_METHOD_MATCH = YES;
				CODE_SIGN_IDENTITY = "iPhone Developer";
				COPY_PHASE_STRIP = NO;
				DEBUG_INFORMATION_FORMAT = "dwarf-with-dsym";
				ENABLE_NS_ASSERTIONS = NO;
				ENABLE_STRICT_OBJC_MSGSEND = YES;
				GCC_C_LANGUAGE_STANDARD = gnu11;
				GCC_NO_COMMON_BLOCKS = YES;
				GCC_WARN_64_TO_32_BIT_CONVERSION = YES;
				GCC_WARN_ABOUT_RETURN_TYPE = YES_ERROR;
				GCC_WARN_UNDECLARED_SELECTOR = YES;
				GCC_WARN_UNINITIALIZED_AUTOS = YES_AGGRESSIVE;
				GCC_WARN_UNUSED_FUNCTION = YES;
				GCC_WARN_UNUSED_VARIABLE = YES;
				IPHONEOS_DEPLOYMENT_TARGET = 12.2;
				MTL_ENABLE_DEBUG_INFO = NO;
				MTL_FAST_MATH = YES;
				SDKROOT = iphoneos;
				SWIFT_COMPILATION_MODE = wholemodule;
				SWIFT_OPTIMIZATION_LEVEL = "-O";
				VALIDATE_PRODUCT = YES;
			};
			name = Release;
		};
		270E4A3122DA14BC00919E1F /* Debug */ = {
			isa = XCBuildConfiguration;
			buildSettings = {
				ASSETCATALOG_COMPILER_APPICON_NAME = AppIcon;
				CODE_SIGN_STYLE = Automatic;
				INFOPLIST_FILE = WorldTrotter/Info.plist;
				LD_RUNPATH_SEARCH_PATHS = (
					"$(inherited)",
					"@executable_path/Frameworks",
				);
				PRODUCT_BUNDLE_IDENTIFIER = com.bignerdranch.WorldTrotter;
				PRODUCT_NAME = "$(TARGET_NAME)";
				SWIFT_VERSION = 5.0;
				TARGETED_DEVICE_FAMILY = "1,2";
			};
			name = Debug;
		};
		270E4A3222DA14BC00919E1F /* Release */ = {
			isa = XCBuildConfiguration;
			buildSettings = {
				ASSETCATALOG_COMPILER_APPICON_NAME = AppIcon;
				CODE_SIGN_STYLE = Automatic;
				INFOPLIST_FILE = WorldTrotter/Info.plist;
				LD_RUNPATH_SEARCH_PATHS = (
					"$(inherited)",
					"@executable_path/Frameworks",
				);
				PRODUCT_BUNDLE_IDENTIFIER = com.bignerdranch.WorldTrotter;
				PRODUCT_NAME = "$(TARGET_NAME)";
				SWIFT_VERSION = 5.0;
				TARGETED_DEVICE_FAMILY = "1,2";
			};
			name = Release;
		};
		270E4A3422DA14BC00919E1F /* Debug */ = {
			isa = XCBuildConfiguration;
			buildSettings = {
				ALWAYS_EMBED_SWIFT_STANDARD_LIBRARIES = YES;
				BUNDLE_LOADER = "$(TEST_HOST)";
				CODE_SIGN_STYLE = Automatic;
				INFOPLIST_FILE = WorldTrotterTests/Info.plist;
				LD_RUNPATH_SEARCH_PATHS = (
					"$(inherited)",
					"@executable_path/Frameworks",
					"@loader_path/Frameworks",
				);
				PRODUCT_BUNDLE_IDENTIFIER = com.bignerdranch.WorldTrotterTests;
				PRODUCT_NAME = "$(TARGET_NAME)";
				SWIFT_VERSION = 5.0;
				TARGETED_DEVICE_FAMILY = "1,2";
				TEST_HOST = "$(BUILT_PRODUCTS_DIR)/WorldTrotter.app/WorldTrotter";
			};
			name = Debug;
		};
		270E4A3522DA14BC00919E1F /* Release */ = {
			isa = XCBuildConfiguration;
			buildSettings = {
				ALWAYS_EMBED_SWIFT_STANDARD_LIBRARIES = YES;
				BUNDLE_LOADER = "$(TEST_HOST)";
				CODE_SIGN_STYLE = Automatic;
				INFOPLIST_FILE = WorldTrotterTests/Info.plist;
				LD_RUNPATH_SEARCH_PATHS = (
					"$(inherited)",
					"@executable_path/Frameworks",
					"@loader_path/Frameworks",
				);
				PRODUCT_BUNDLE_IDENTIFIER = com.bignerdranch.WorldTrotterTests;
				PRODUCT_NAME = "$(TARGET_NAME)";
				SWIFT_VERSION = 5.0;
				TARGETED_DEVICE_FAMILY = "1,2";
				TEST_HOST = "$(BUILT_PRODUCTS_DIR)/WorldTrotter.app/WorldTrotter";
			};
			name = Release;
		};
		270E4A3722DA14BC00919E1F /* Debug */ = {
			isa = XCBuildConfiguration;
			buildSettings = {
				ALWAYS_EMBED_SWIFT_STANDARD_LIBRARIES = YES;
				CODE_SIGN_STYLE = Automatic;
				INFOPLIST_FILE = WorldTrotterUITests/Info.plist;
				LD_RUNPATH_SEARCH_PATHS = (
					"$(inherited)",
					"@executable_path/Frameworks",
					"@loader_path/Frameworks",
				);
				PRODUCT_BUNDLE_IDENTIFIER = com.bignerdranch.WorldTrotterUITests;
				PRODUCT_NAME = "$(TARGET_NAME)";
				SWIFT_VERSION = 5.0;
				TARGETED_DEVICE_FAMILY = "1,2";
				TEST_TARGET_NAME = WorldTrotter;
			};
			name = Debug;
		};
		270E4A3822DA14BC00919E1F /* Release */ = {
			isa = XCBuildConfiguration;
			buildSettings = {
				ALWAYS_EMBED_SWIFT_STANDARD_LIBRARIES = YES;
				CODE_SIGN_STYLE = Automatic;
				INFOPLIST_FILE = WorldTrotterUITests/Info.plist;
				LD_RUNPATH_SEARCH_PATHS = (
					"$(inherited)",
					"@executable_path/Frameworks",
					"@loader_path/Frameworks",
				);
				PRODUCT_BUNDLE_IDENTIFIER = com.bignerdranch.WorldTrotterUITests;
				PRODUCT_NAME = "$(TARGET_NAME)";
				SWIFT_VERSION = 5.0;
				TARGETED_DEVICE_FAMILY = "1,2";
				TEST_TARGET_NAME = WorldTrotter;
			};
			name = Release;
		};
/* End XCBuildConfiguration section */

/* Begin XCConfigurationList section */
		270E4A0322DA14B600919E1F /* Build configuration list for PBXProject "WorldTrotter" */ = {
			isa = XCConfigurationList;
			buildConfigurations = (
				270E4A2E22DA14BC00919E1F /* Debug */,
				270E4A2F22DA14BC00919E1F /* Release */,
			);
			defaultConfigurationIsVisible = 0;
			defaultConfigurationName = Release;
		};
		270E4A3022DA14BC00919E1F /* Build configuration list for PBXNativeTarget "WorldTrotter" */ = {
			isa = XCConfigurationList;
			buildConfigurations = (
				270E4A3122DA14BC00919E1F /* Debug */,
				270E4A3222DA14BC00919E1F /* Release */,
			);
			defaultConfigurationIsVisible = 0;
			defaultConfigurationName = Release;
		};
		270E4A3322DA14BC00919E1F /* Build configuration list for PBXNativeTarget "WorldTrotterTests" */ = {
			isa = XCConfigurationList;
			buildConfigurations = (
				270E4A3422DA14BC00919E1F /* Debug */,
				270E4A3522DA14BC00919E1F /* Release */,
			);
			defaultConfigurationIsVisible = 0;
			defaultConfigurationName = Release;
		};
		270E4A3622DA14BC00919E1F /* Build configuration list for PBXNativeTarget "WorldTrotterUITests" */ = {
			isa = XCConfigurationList;
			buildConfigurations = (
				270E4A3722DA14BC00919E1F /* Debug */,
				270E4A3822DA14BC00919E1F /* Release */,
			);
			defaultConfigurationIsVisible = 0;
			defaultConfigurationName = Release;
		};
/* End XCConfigurationList section */
	};
	rootObject = 270E4A0022DA14B600919E1F /* Project object */;
}
