// !$*UTF8*$!
{
	archiveVersion = 1;
	classes = {
	};
	objectVersion = 50;
	objects = {

/* Begin PBXBuildFile section */
		2710AAD822ED5ABE00FECE8E /* AppDelegate.swift in Sources */ = {isa = PBXBuildFile; fileRef = 2710AAD722ED5ABE00FECE8E /* AppDelegate.swift */; };
		2710AADA22ED5ABE00FECE8E /* ViewController.swift in Sources */ = {isa = PBXBuildFile; fileRef = 2710AAD922ED5ABE00FECE8E /* ViewController.swift */; };
		2710AADD22ED5ABE00FECE8E /* Main.storyboard in Resources */ = {isa = PBXBuildFile; fileRef = 2710AADB22ED5ABE00FECE8E /* Main.storyboard */; };
		2710AADF22ED5AC600FECE8E /* Assets.xcassets in Resources */ = {isa = PBXBuildFile; fileRef = 2710AADE22ED5AC600FECE8E /* Assets.xcassets */; };
		2710AAE222ED5AC600FECE8E /* LaunchScreen.storyboard in Resources */ = {isa = PBXBuildFile; fileRef = 2710AAE022ED5AC600FECE8E /* LaunchScreen.storyboard */; };
		2710AAED22ED5AC600FECE8E /* TouchTrackerTests.swift in Sources */ = {isa = PBXBuildFile; fileRef = 2710AAEC22ED5AC600FECE8E /* TouchTrackerTests.swift */; };
		2710AAF822ED5AC600FECE8E /* TouchTrackerUITests.swift in Sources */ = {isa = PBXBuildFile; fileRef = 2710AAF722ED5AC600FECE8E /* TouchTrackerUITests.swift */; };
/* End PBXBuildFile section */

/* Begin PBXContainerItemProxy section */
		2710AAE922ED5AC600FECE8E /* PBXContainerItemProxy */ = {
			isa = PBXContainerItemProxy;
			containerPortal = 2710AACC22ED5ABE00FECE8E /* Project object */;
			proxyType = 1;
			remoteGlobalIDString = 2710AAD322ED5ABE00FECE8E;
			remoteInfo = TouchTracker;
		};
		2710AAF422ED5AC600FECE8E /* PBXContainerItemProxy */ = {
			isa = PBXContainerItemProxy;
			containerPortal = 2710AACC22ED5ABE00FECE8E /* Project object */;
			proxyType = 1;
			remoteGlobalIDString = 2710AAD322ED5ABE00FECE8E;
			remoteInfo = TouchTracker;
		};
/* End PBXContainerItemProxy section */

/* Begin PBXFileReference section */
		2710AAD422ED5ABE00FECE8E /* TouchTracker.app */ = {isa = PBXFileReference; explicitFileType = wrapper.application; includeInIndex = 0; path = TouchTracker.app; sourceTree = BUILT_PRODUCTS_DIR; };
		2710AAD722ED5ABE00FECE8E /* AppDelegate.swift */ = {isa = PBXFileReference; lastKnownFileType = sourcecode.swift; path = AppDelegate.swift; sourceTree = "<group>"; };
		2710AAD922ED5ABE00FECE8E /* ViewController.swift */ = {isa = PBXFileReference; lastKnownFileType = sourcecode.swift; path = ViewController.swift; sourceTree = "<group>"; };
		2710AADC22ED5ABE00FECE8E /* Base */ = {isa = PBXFileReference; lastKnownFileType = file.storyboard; name = Base; path = Base.lproj/Main.storyboard; sourceTree = "<group>"; };
		2710AADE22ED5AC600FECE8E /* Assets.xcassets */ = {isa = PBXFileReference; lastKnownFileType = folder.assetcatalog; path = Assets.xcassets; sourceTree = "<group>"; };
		2710AAE122ED5AC600FECE8E /* Base */ = {isa = PBXFileReference; lastKnownFileType = file.storyboard; name = Base; path = Base.lproj/LaunchScreen.storyboard; sourceTree = "<group>"; };
		2710AAE322ED5AC600FECE8E /* Info.plist */ = {isa = PBXFileReference; lastKnownFileType = text.plist.xml; path = Info.plist; sourceTree = "<group>"; };
		2710AAE822ED5AC600FECE8E /* TouchTrackerTests.xctest */ = {isa = PBXFileReference; explicitFileType = wrapper.cfbundle; includeInIndex = 0; path = TouchTrackerTests.xctest; sourceTree = BUILT_PRODUCTS_DIR; };
		2710AAEC22ED5AC600FECE8E /* TouchTrackerTests.swift */ = {isa = PBXFileReference; lastKnownFileType = sourcecode.swift; path = TouchTrackerTests.swift; sourceTree = "<group>"; };
		2710AAEE22ED5AC600FECE8E /* Info.plist */ = {isa = PBXFileReference; lastKnownFileType = text.plist.xml; path = Info.plist; sourceTree = "<group>"; };
		2710AAF322ED5AC600FECE8E /* TouchTrackerUITests.xctest */ = {isa = PBXFileReference; explicitFileType = wrapper.cfbundle; includeInIndex = 0; path = TouchTrackerUITests.xctest; sourceTree = BUILT_PRODUCTS_DIR; };
		2710AAF722ED5AC600FECE8E /* TouchTrackerUITests.swift */ = {isa = PBXFileReference; lastKnownFileType = sourcecode.swift; path = TouchTrackerUITests.swift; sourceTree = "<group>"; };
		2710AAF922ED5AC600FECE8E /* Info.plist */ = {isa = PBXFileReference; lastKnownFileType = text.plist.xml; path = Info.plist; sourceTree = "<group>"; };
/* End PBXFileReference section */

/* Begin PBXFrameworksBuildPhase section */
		2710AAD122ED5ABE00FECE8E /* Frameworks */ = {
			isa = PBXFrameworksBuildPhase;
			buildActionMask = 2147483647;
			files = (
			);
			runOnlyForDeploymentPostprocessing = 0;
		};
		2710AAE522ED5AC600FECE8E /* Frameworks */ = {
			isa = PBXFrameworksBuildPhase;
			buildActionMask = 2147483647;
			files = (
			);
			runOnlyForDeploymentPostprocessing = 0;
		};
		2710AAF022ED5AC600FECE8E /* Frameworks */ = {
			isa = PBXFrameworksBuildPhase;
			buildActionMask = 2147483647;
			files = (
			);
			runOnlyForDeploymentPostprocessing = 0;
		};
/* End PBXFrameworksBuildPhase section */

/* Begin PBXGroup section */
		2710AACB22ED5ABE00FECE8E = {
			isa = PBXGroup;
			children = (
				2710AAD622ED5ABE00FECE8E /* TouchTracker */,
				2710AAEB22ED5AC600FECE8E /* TouchTrackerTests */,
				2710AAF622ED5AC600FECE8E /* TouchTrackerUITests */,
				2710AAD522ED5ABE00FECE8E /* Products */,
			);
			sourceTree = "<group>";
		};
		2710AAD522ED5ABE00FECE8E /* Products */ = {
			isa = PBXGroup;
			children = (
				2710AAD422ED5ABE00FECE8E /* TouchTracker.app */,
				2710AAE822ED5AC600FECE8E /* TouchTrackerTests.xctest */,
				2710AAF322ED5AC600FECE8E /* TouchTrackerUITests.xctest */,
			);
			name = Products;
			sourceTree = "<group>";
		};
		2710AAD622ED5ABE00FECE8E /* TouchTracker */ = {
			isa = PBXGroup;
			children = (
				2710AAD722ED5ABE00FECE8E /* AppDelegate.swift */,
				2710AAD922ED5ABE00FECE8E /* ViewController.swift */,
				2710AADB22ED5ABE00FECE8E /* Main.storyboard */,
				2710AADE22ED5AC600FECE8E /* Assets.xcassets */,
				2710AAE022ED5AC600FECE8E /* LaunchScreen.storyboard */,
				2710AAE322ED5AC600FECE8E /* Info.plist */,
			);
			path = TouchTracker;
			sourceTree = "<group>";
		};
		2710AAEB22ED5AC600FECE8E /* TouchTrackerTests */ = {
			isa = PBXGroup;
			children = (
				2710AAEC22ED5AC600FECE8E /* TouchTrackerTests.swift */,
				2710AAEE22ED5AC600FECE8E /* Info.plist */,
			);
			path = TouchTrackerTests;
			sourceTree = "<group>";
		};
		2710AAF622ED5AC600FECE8E /* TouchTrackerUITests */ = {
			isa = PBXGroup;
			children = (
				2710AAF722ED5AC600FECE8E /* TouchTrackerUITests.swift */,
				2710AAF922ED5AC600FECE8E /* Info.plist */,
			);
			path = TouchTrackerUITests;
			sourceTree = "<group>";
		};
/* End PBXGroup section */

/* Begin PBXNativeTarget section */
		2710AAD322ED5ABE00FECE8E /* TouchTracker */ = {
			isa = PBXNativeTarget;
			buildConfigurationList = 2710AAFC22ED5AC600FECE8E /* Build configuration list for PBXNativeTarget "TouchTracker" */;
			buildPhases = (
				2710AAD022ED5ABE00FECE8E /* Sources */,
				2710AAD122ED5ABE00FECE8E /* Frameworks */,
				2710AAD222ED5ABE00FECE8E /* Resources */,
			);
			buildRules = (
			);
			dependencies = (
			);
			name = TouchTracker;
			productName = TouchTracker;
			productReference = 2710AAD422ED5ABE00FECE8E /* TouchTracker.app */;
			productType = "com.apple.product-type.application";
		};
		2710AAE722ED5AC600FECE8E /* TouchTrackerTests */ = {
			isa = PBXNativeTarget;
			buildConfigurationList = 2710AAFF22ED5AC600FECE8E /* Build configuration list for PBXNativeTarget "TouchTrackerTests" */;
			buildPhases = (
				2710AAE422ED5AC600FECE8E /* Sources */,
				2710AAE522ED5AC600FECE8E /* Frameworks */,
				2710AAE622ED5AC600FECE8E /* Resources */,
			);
			buildRules = (
			);
			dependencies = (
				2710AAEA22ED5AC600FECE8E /* PBXTargetDependency */,
			);
			name = TouchTrackerTests;
			productName = TouchTrackerTests;
			productReference = 2710AAE822ED5AC600FECE8E /* TouchTrackerTests.xctest */;
			productType = "com.apple.product-type.bundle.unit-test";
		};
		2710AAF222ED5AC600FECE8E /* TouchTrackerUITests */ = {
			isa = PBXNativeTarget;
			buildConfigurationList = 2710AB0222ED5AC600FECE8E /* Build configuration list for PBXNativeTarget "TouchTrackerUITests" */;
			buildPhases = (
				2710AAEF22ED5AC600FECE8E /* Sources */,
				2710AAF022ED5AC600FECE8E /* Frameworks */,
				2710AAF122ED5AC600FECE8E /* Resources */,
			);
			buildRules = (
			);
			dependencies = (
				2710AAF522ED5AC600FECE8E /* PBXTargetDependency */,
			);
			name = TouchTrackerUITests;
			productName = TouchTrackerUITests;
			productReference = 2710AAF322ED5AC600FECE8E /* TouchTrackerUITests.xctest */;
			productType = "com.apple.product-type.bundle.ui-testing";
		};
/* End PBXNativeTarget section */

/* Begin PBXProject section */
		2710AACC22ED5ABE00FECE8E /* Project object */ = {
			isa = PBXProject;
			attributes = {
				LastSwiftUpdateCheck = 1030;
				LastUpgradeCheck = 1030;
				ORGANIZATIONNAME = "Tim Miller";
				TargetAttributes = {
					2710AAD322ED5ABE00FECE8E = {
						CreatedOnToolsVersion = 10.3;
					};
					2710AAE722ED5AC600FECE8E = {
						CreatedOnToolsVersion = 10.3;
						TestTargetID = 2710AAD322ED5ABE00FECE8E;
					};
					2710AAF222ED5AC600FECE8E = {
						CreatedOnToolsVersion = 10.3;
						TestTargetID = 2710AAD322ED5ABE00FECE8E;
					};
				};
			};
			buildConfigurationList = 2710AACF22ED5ABE00FECE8E /* Build configuration list for PBXProject "TouchTracker" */;
			compatibilityVersion = "Xcode 9.3";
			developmentRegion = en;
			hasScannedForEncodings = 0;
			knownRegions = (
				en,
				Base,
			);
			mainGroup = 2710AACB22ED5ABE00FECE8E;
			productRefGroup = 2710AAD522ED5ABE00FECE8E /* Products */;
			projectDirPath = "";
			projectRoot = "";
			targets = (
				2710AAD322ED5ABE00FECE8E /* TouchTracker */,
				2710AAE722ED5AC600FECE8E /* TouchTrackerTests */,
				2710AAF222ED5AC600FECE8E /* TouchTrackerUITests */,
			);
		};
/* End PBXProject section */

/* Begin PBXResourcesBuildPhase section */
		2710AAD222ED5ABE00FECE8E /* Resources */ = {
			isa = PBXResourcesBuildPhase;
			buildActionMask = 2147483647;
			files = (
				2710AAE222ED5AC600FECE8E /* LaunchScreen.storyboard in Resources */,
				2710AADF22ED5AC600FECE8E /* Assets.xcassets in Resources */,
				2710AADD22ED5ABE00FECE8E /* Main.storyboard in Resources */,
			);
			runOnlyForDeploymentPostprocessing = 0;
		};
		2710AAE622ED5AC600FECE8E /* Resources */ = {
			isa = PBXResourcesBuildPhase;
			buildActionMask = 2147483647;
			files = (
			);
			runOnlyForDeploymentPostprocessing = 0;
		};
		2710AAF122ED5AC600FECE8E /* Resources */ = {
			isa = PBXResourcesBuildPhase;
			buildActionMask = 2147483647;
			files = (
			);
			runOnlyForDeploymentPostprocessing = 0;
		};
/* End PBXResourcesBuildPhase section */

/* Begin PBXSourcesBuildPhase section */
		2710AAD022ED5ABE00FECE8E /* Sources */ = {
			isa = PBXSourcesBuildPhase;
			buildActionMask = 2147483647;
			files = (
				2710AADA22ED5ABE00FECE8E /* ViewController.swift in Sources */,
				2710AAD822ED5ABE00FECE8E /* AppDelegate.swift in Sources */,
			);
			runOnlyForDeploymentPostprocessing = 0;
		};
		2710AAE422ED5AC600FECE8E /* Sources */ = {
			isa = PBXSourcesBuildPhase;
			buildActionMask = 2147483647;
			files = (
				2710AAED22ED5AC600FECE8E /* TouchTrackerTests.swift in Sources */,
			);
			runOnlyForDeploymentPostprocessing = 0;
		};
		2710AAEF22ED5AC600FECE8E /* Sources */ = {
			isa = PBXSourcesBuildPhase;
			buildActionMask = 2147483647;
			files = (
				2710AAF822ED5AC600FECE8E /* TouchTrackerUITests.swift in Sources */,
			);
			runOnlyForDeploymentPostprocessing = 0;
		};
/* End PBXSourcesBuildPhase section */

/* Begin PBXTargetDependency section */
		2710AAEA22ED5AC600FECE8E /* PBXTargetDependency */ = {
			isa = PBXTargetDependency;
			target = 2710AAD322ED5ABE00FECE8E /* TouchTracker */;
			targetProxy = 2710AAE922ED5AC600FECE8E /* PBXContainerItemProxy */;
		};
		2710AAF522ED5AC600FECE8E /* PBXTargetDependency */ = {
			isa = PBXTargetDependency;
			target = 2710AAD322ED5ABE00FECE8E /* TouchTracker */;
			targetProxy = 2710AAF422ED5AC600FECE8E /* PBXContainerItemProxy */;
		};
/* End PBXTargetDependency section */

/* Begin PBXVariantGroup section */
		2710AADB22ED5ABE00FECE8E /* Main.storyboard */ = {
			isa = PBXVariantGroup;
			children = (
				2710AADC22ED5ABE00FECE8E /* Base */,
			);
			name = Main.storyboard;
			sourceTree = "<group>";
		};
		2710AAE022ED5AC600FECE8E /* LaunchScreen.storyboard */ = {
			isa = PBXVariantGroup;
			children = (
				2710AAE122ED5AC600FECE8E /* Base */,
			);
			name = LaunchScreen.storyboard;
			sourceTree = "<group>";
		};
/* End PBXVariantGroup section */

/* Begin XCBuildConfiguration section */
		2710AAFA22ED5AC600FECE8E /* Debug */ = {
			isa = XCBuildConfiguration;
			buildSettings = {
				ALWAYS_SEARCH_USER_PATHS = NO;
				CLANG_ANALYZER_NONNULL = YES;
				CLANG_ANALYZER_NUMBER_OBJECT_CONVERSION = YES_AGGRESSIVE;
				CLANG_CXX_LANGUAGE_STANDARD = "gnu++14";
				CLANG_CXX_LIBRARY = "libc++";
				CLANG_ENABLE_MODULES = YES;
				CLANG_ENABLE_OBJC_ARC = YES;
				CLANG_ENABLE_OBJC_WEAK = YES;
				CLANG_WARN_BLOCK_CAPTURE_AUTORELEASING = YES;
				CLANG_WARN_BOOL_CONVERSION = YES;
				CLANG_WARN_COMMA = YES;
				CLANG_WARN_CONSTANT_CONVERSION = YES;
				CLANG_WARN_DEPRECATED_OBJC_IMPLEMENTATIONS = YES;
				CLANG_WARN_DIRECT_OBJC_ISA_USAGE = YES_ERROR;
				CLANG_WARN_DOCUMENTATION_COMMENTS = YES;
				CLANG_WARN_EMPTY_BODY = YES;
				CLANG_WARN_ENUM_CONVERSION = YES;
				CLANG_WARN_INFINITE_RECURSION = YES;
				CLANG_WARN_INT_CONVERSION = YES;
				CLANG_WARN_NON_LITERAL_NULL_CONVERSION = YES;
				CLANG_WARN_OBJC_IMPLICIT_RETAIN_SELF = YES;
				CLANG_WARN_OBJC_LITERAL_CONVERSION = YES;
				CLANG_WARN_OBJC_ROOT_CLASS = YES_ERROR;
				CLANG_WARN_RANGE_LOOP_ANALYSIS = YES;
				CLANG_WARN_STRICT_PROTOTYPES = YES;
				CLANG_WARN_SUSPICIOUS_MOVE = YES;
				CLANG_WARN_UNGUARDED_AVAILABILITY = YES_AGGRESSIVE;
				CLANG_WARN_UNREACHABLE_CODE = YES;
				CLANG_WARN__DUPLICATE_METHOD_MATCH = YES;
				CODE_SIGN_IDENTITY = "iPhone Developer";
				COPY_PHASE_STRIP = NO;
				DEBUG_INFORMATION_FORMAT = dwarf;
				ENABLE_STRICT_OBJC_MSGSEND = YES;
				ENABLE_TESTABILITY = YES;
				GCC_C_LANGUAGE_STANDARD = gnu11;
				GCC_DYNAMIC_NO_PIC = NO;
				GCC_NO_COMMON_BLOCKS = YES;
				GCC_OPTIMIZATION_LEVEL = 0;
				GCC_PREPROCESSOR_DEFINITIONS = (
					"DEBUG=1",
					"$(inherited)",
				);
				GCC_WARN_64_TO_32_BIT_CONVERSION = YES;
				GCC_WARN_ABOUT_RETURN_TYPE = YES_ERROR;
				GCC_WARN_UNDECLARED_SELECTOR = YES;
				GCC_WARN_UNINITIALIZED_AUTOS = YES_AGGRESSIVE;
				GCC_WARN_UNUSED_FUNCTION = YES;
				GCC_WARN_UNUSED_VARIABLE = YES;
				IPHONEOS_DEPLOYMENT_TARGET = 12.4;
				MTL_ENABLE_DEBUG_INFO = INCLUDE_SOURCE;
				MTL_FAST_MATH = YES;
				ONLY_ACTIVE_ARCH = YES;
				SDKROOT = iphoneos;
				SWIFT_ACTIVE_COMPILATION_CONDITIONS = DEBUG;
				SWIFT_OPTIMIZATION_LEVEL = "-Onone";
			};
			name = Debug;
		};
		2710AAFB22ED5AC600FECE8E /* Release */ = {
			isa = XCBuildConfiguration;
			buildSettings = {
				ALWAYS_SEARCH_USER_PATHS = NO;
				CLANG_ANALYZER_NONNULL = YES;
				CLANG_ANALYZER_NUMBER_OBJECT_CONVERSION = YES_AGGRESSIVE;
				CLANG_CXX_LANGUAGE_STANDARD = "gnu++14";
				CLANG_CXX_LIBRARY = "libc++";
				CLANG_ENABLE_MODULES = YES;
				CLANG_ENABLE_OBJC_ARC = YES;
				CLANG_ENABLE_OBJC_WEAK = YES;
				CLANG_WARN_BLOCK_CAPTURE_AUTORELEASING = YES;
				CLANG_WARN_BOOL_CONVERSION = YES;
				CLANG_WARN_COMMA = YES;
				CLANG_WARN_CONSTANT_CONVERSION = YES;
				CLANG_WARN_DEPRECATED_OBJC_IMPLEMENTATIONS = YES;
				CLANG_WARN_DIRECT_OBJC_ISA_USAGE = YES_ERROR;
				CLANG_WARN_DOCUMENTATION_COMMENTS = YES;
				CLANG_WARN_EMPTY_BODY = YES;
				CLANG_WARN_ENUM_CONVERSION = YES;
				CLANG_WARN_INFINITE_RECURSION = YES;
				CLANG_WARN_INT_CONVERSION = YES;
				CLANG_WARN_NON_LITERAL_NULL_CONVERSION = YES;
				CLANG_WARN_OBJC_IMPLICIT_RETAIN_SELF = YES;
				CLANG_WARN_OBJC_LITERAL_CONVERSION = YES;
				CLANG_WARN_OBJC_ROOT_CLASS = YES_ERROR;
				CLANG_WARN_RANGE_LOOP_ANALYSIS = YES;
				CLANG_WARN_STRICT_PROTOTYPES = YES;
				CLANG_WARN_SUSPICIOUS_MOVE = YES;
				CLANG_WARN_UNGUARDED_AVAILABILITY = YES_AGGRESSIVE;
				CLANG_WARN_UNREACHABLE_CODE = YES;
				CLANG_WARN__DUPLICATE_METHOD_MATCH = YES;
				CODE_SIGN_IDENTITY = "iPhone Developer";
				COPY_PHASE_STRIP = NO;
				DEBUG_INFORMATION_FORMAT = "dwarf-with-dsym";
				ENABLE_NS_ASSERTIONS = NO;
				ENABLE_STRICT_OBJC_MSGSEND = YES;
				GCC_C_LANGUAGE_STANDARD = gnu11;
				GCC_NO_COMMON_BLOCKS = YES;
				GCC_WARN_64_TO_32_BIT_CONVERSION = YES;
				GCC_WARN_ABOUT_RETURN_TYPE = YES_ERROR;
				GCC_WARN_UNDECLARED_SELECTOR = YES;
				GCC_WARN_UNINITIALIZED_AUTOS = YES_AGGRESSIVE;
				GCC_WARN_UNUSED_FUNCTION = YES;
				GCC_WARN_UNUSED_VARIABLE = YES;
				IPHONEOS_DEPLOYMENT_TARGET = 12.4;
				MTL_ENABLE_DEBUG_INFO = NO;
				MTL_FAST_MATH = YES;
				SDKROOT = iphoneos;
				SWIFT_COMPILATION_MODE = wholemodule;
				SWIFT_OPTIMIZATION_LEVEL = "-O";
				VALIDATE_PRODUCT = YES;
			};
			name = Release;
		};
		2710AAFD22ED5AC600FECE8E /* Debug */ = {
			isa = XCBuildConfiguration;
			buildSettings = {
				ASSETCATALOG_COMPILER_APPICON_NAME = AppIcon;
				CODE_SIGN_STYLE = Automatic;
				DEVELOPMENT_TEAM = YANEU7VTX5;
				INFOPLIST_FILE = TouchTracker/Info.plist;
				LD_RUNPATH_SEARCH_PATHS = (
					"$(inherited)",
					"@executable_path/Frameworks",
				);
				PRODUCT_BUNDLE_IDENTIFIER = com.timmiller.TouchTracker;
				PRODUCT_NAME = "$(TARGET_NAME)";
				SWIFT_VERSION = 5.0;
				TARGETED_DEVICE_FAMILY = "1,2";
			};
			name = Debug;
		};
		2710AAFE22ED5AC600FECE8E /* Release */ = {
			isa = XCBuildConfiguration;
			buildSettings = {
				ASSETCATALOG_COMPILER_APPICON_NAME = AppIcon;
				CODE_SIGN_STYLE = Automatic;
				DEVELOPMENT_TEAM = YANEU7VTX5;
				INFOPLIST_FILE = TouchTracker/Info.plist;
				LD_RUNPATH_SEARCH_PATHS = (
					"$(inherited)",
					"@executable_path/Frameworks",
				);
				PRODUCT_BUNDLE_IDENTIFIER = com.timmiller.TouchTracker;
				PRODUCT_NAME = "$(TARGET_NAME)";
				SWIFT_VERSION = 5.0;
				TARGETED_DEVICE_FAMILY = "1,2";
			};
			name = Release;
		};
		2710AB0022ED5AC600FECE8E /* Debug */ = {
			isa = XCBuildConfiguration;
			buildSettings = {
				ALWAYS_EMBED_SWIFT_STANDARD_LIBRARIES = YES;
				BUNDLE_LOADER = "$(TEST_HOST)";
				CODE_SIGN_STYLE = Automatic;
				DEVELOPMENT_TEAM = YANEU7VTX5;
				INFOPLIST_FILE = TouchTrackerTests/Info.plist;
				LD_RUNPATH_SEARCH_PATHS = (
					"$(inherited)",
					"@executable_path/Frameworks",
					"@loader_path/Frameworks",
				);
				PRODUCT_BUNDLE_IDENTIFIER = com.timmiller.TouchTrackerTests;
				PRODUCT_NAME = "$(TARGET_NAME)";
				SWIFT_VERSION = 5.0;
				TARGETED_DEVICE_FAMILY = "1,2";
				TEST_HOST = "$(BUILT_PRODUCTS_DIR)/TouchTracker.app/TouchTracker";
			};
			name = Debug;
		};
		2710AB0122ED5AC600FECE8E /* Release */ = {
			isa = XCBuildConfiguration;
			buildSettings = {
				ALWAYS_EMBED_SWIFT_STANDARD_LIBRARIES = YES;
				BUNDLE_LOADER = "$(TEST_HOST)";
				CODE_SIGN_STYLE = Automatic;
				DEVELOPMENT_TEAM = YANEU7VTX5;
				INFOPLIST_FILE = TouchTrackerTests/Info.plist;
				LD_RUNPATH_SEARCH_PATHS = (
					"$(inherited)",
					"@executable_path/Frameworks",
					"@loader_path/Frameworks",
				);
				PRODUCT_BUNDLE_IDENTIFIER = com.timmiller.TouchTrackerTests;
				PRODUCT_NAME = "$(TARGET_NAME)";
				SWIFT_VERSION = 5.0;
				TARGETED_DEVICE_FAMILY = "1,2";
				TEST_HOST = "$(BUILT_PRODUCTS_DIR)/TouchTracker.app/TouchTracker";
			};
			name = Release;
		};
		2710AB0322ED5AC600FECE8E /* Debug */ = {
			isa = XCBuildConfiguration;
			buildSettings = {
				ALWAYS_EMBED_SWIFT_STANDARD_LIBRARIES = YES;
				CODE_SIGN_STYLE = Automatic;
				DEVELOPMENT_TEAM = YANEU7VTX5;
				INFOPLIST_FILE = TouchTrackerUITests/Info.plist;
				LD_RUNPATH_SEARCH_PATHS = (
					"$(inherited)",
					"@executable_path/Frameworks",
					"@loader_path/Frameworks",
				);
				PRODUCT_BUNDLE_IDENTIFIER = com.timmiller.TouchTrackerUITests;
				PRODUCT_NAME = "$(TARGET_NAME)";
				SWIFT_VERSION = 5.0;
				TARGETED_DEVICE_FAMILY = "1,2";
				TEST_TARGET_NAME = TouchTracker;
			};
			name = Debug;
		};
		2710AB0422ED5AC600FECE8E /* Release */ = {
			isa = XCBuildConfiguration;
			buildSettings = {
				ALWAYS_EMBED_SWIFT_STANDARD_LIBRARIES = YES;
				CODE_SIGN_STYLE = Automatic;
				DEVELOPMENT_TEAM = YANEU7VTX5;
				INFOPLIST_FILE = TouchTrackerUITests/Info.plist;
				LD_RUNPATH_SEARCH_PATHS = (
					"$(inherited)",
					"@executable_path/Frameworks",
					"@loader_path/Frameworks",
				);
				PRODUCT_BUNDLE_IDENTIFIER = com.timmiller.TouchTrackerUITests;
				PRODUCT_NAME = "$(TARGET_NAME)";
				SWIFT_VERSION = 5.0;
				TARGETED_DEVICE_FAMILY = "1,2";
				TEST_TARGET_NAME = TouchTracker;
			};
			name = Release;
		};
/* End XCBuildConfiguration section */

/* Begin XCConfigurationList section */
		2710AACF22ED5ABE00FECE8E /* Build configuration list for PBXProject "TouchTracker" */ = {
			isa = XCConfigurationList;
			buildConfigurations = (
				2710AAFA22ED5AC600FECE8E /* Debug */,
				2710AAFB22ED5AC600FECE8E /* Release */,
			);
			defaultConfigurationIsVisible = 0;
			defaultConfigurationName = Release;
		};
		2710AAFC22ED5AC600FECE8E /* Build configuration list for PBXNativeTarget "TouchTracker" */ = {
			isa = XCConfigurationList;
			buildConfigurations = (
				2710AAFD22ED5AC600FECE8E /* Debug */,
				2710AAFE22ED5AC600FECE8E /* Release */,
			);
			defaultConfigurationIsVisible = 0;
			defaultConfigurationName = Release;
		};
		2710AAFF22ED5AC600FECE8E /* Build configuration list for PBXNativeTarget "TouchTrackerTests" */ = {
			isa = XCConfigurationList;
			buildConfigurations = (
				2710AB0022ED5AC600FECE8E /* Debug */,
				2710AB0122ED5AC600FECE8E /* Release */,
			);
			defaultConfigurationIsVisible = 0;
			defaultConfigurationName = Release;
		};
		2710AB0222ED5AC600FECE8E /* Build configuration list for PBXNativeTarget "TouchTrackerUITests" */ = {
			isa = XCConfigurationList;
			buildConfigurations = (
				2710AB0322ED5AC600FECE8E /* Debug */,
				2710AB0422ED5AC600FECE8E /* Release */,
			);
			defaultConfigurationIsVisible = 0;
			defaultConfigurationName = Release;
		};
/* End XCConfigurationList section */
	};
	rootObject = 2710AACC22ED5ABE00FECE8E /* Project object */;
}
